
Microsoft Visual Studio Solution File, Format Version 12.00
# Visual Studio Version 17
VisualStudioVersion = 17.5.002.0
MinimumVisualStudioVersion = 10.0.40219.1
Project("{9A19103F-16F7-4668-BE54-9A1E7A4F7556}") = "RecruitmentApp", "RecruitmentApp.csproj", "{BDB714EF-78AA-4CFA-8DBA-EE623B73BA46}"
EndProject
Global
	GlobalSection(SolutionConfigurationPlatforms) = preSolution
		Debug|Any CPU = Debug|Any CPU
		Release|Any CPU = Release|Any CPU
	EndGlobalSection
	GlobalSection(ProjectConfigurationPlatforms) = postSolution
		{BDB714EF-78AA-4CFA-8DBA-EE623B73BA46}.Debug|Any CPU.ActiveCfg = Debug|Any CPU
		{BDB714EF-78AA-4CFA-8DBA-EE623B73BA46}.Debug|Any CPU.Build.0 = Debug|Any CPU
		{BDB714EF-78AA-4CFA-8DBA-EE623B73BA46}.Release|Any CPU.ActiveCfg = Release|Any CPU
		{BDB714EF-78AA-4CFA-8DBA-EE623B73BA46}.Release|Any CPU.Build.0 = Release|Any CPU
	EndGlobalSection
	GlobalSection(SolutionProperties) = preSolution
		HideSolutionNode = FALSE
	EndGlobalSection
	GlobalSection(ExtensibilityGlobals) = postSolution
		SolutionGuid = {A4F43D46-20E6-4CF5-B47F-8A83C5B6CD51}
	EndGlobalSection
EndGlobal
