
Microsoft Visual Studio Solution File, Format Version 12.00
# Visual Studio Version 17
VisualStudioVersion = 17.11.35327.3
MinimumVisualStudioVersion = 10.0.40219.1
Project("{FAE04EC0-301F-11D3-BF4B-00C04F79EFBC}") = "TesterApp", "TesterApp\TesterApp.csproj", "{47AC23CE-5D28-466C-8DC6-8FF8FB6E3560}"
EndProject
Project("{FAE04EC0-301F-11D3-BF4B-00C04F79EFBC}") = "ConsoleApp1", "ConsoleApp1\ConsoleApp1.csproj", "{35DCED6A-93F9-4C88-9161-996F242ACF78}"
EndProject
Project("{FAE04EC0-301F-11D3-BF4B-00C04F79EFBC}") = "MathLib", "MathLib\MathLib.csproj", "{74191448-1C86-441D-90C0-873C2CE4B20B}"
EndProject
Project("{FAE04EC0-301F-11D3-BF4B-00C04F79EFBC}") = "OrderProcessing", "OrderProcessing\OrderProcessing.csproj", "{1DC7A091-8DF9-45E8-9B7A-6D8828E2F6A5}"
EndProject
Project("{FAE04EC0-301F-11D3-BF4B-00C04F79EFBC}") = "HR", "HR\HR.csproj", "{610F9E3E-B07D-4904-AA3E-F01373966802}"
EndProject
Project("{FAE04EC0-301F-11D3-BF4B-00C04F79EFBC}") = "CRM", "CRM\CRM.csproj", "{041D7F25-9CC1-4BCF-8924-EDFE72DC40E8}"
EndProject
Project("{FAE04EC0-301F-11D3-BF4B-00C04F79EFBC}") = "Banking", "Banking\Banking.csproj", "{EF94EECB-24E8-4CB4-99AC-D0A408A916DE}"
EndProject
Project("{FAE04EC0-301F-11D3-BF4B-00C04F79EFBC}") = "ShoppingCart", "ShoppingCart\ShoppingCart.csproj", "{F828F2DD-9FC8-4310-9C1A-5501B97A1618}"
EndProject
Project("{FAE04EC0-301F-11D3-BF4B-00C04F79EFBC}") = "Catalog", "Catalog\Catalog.csproj", "{061E570B-6BC6-438A-9F55-550BDFEC13D9}"
EndProject
Project("{FAE04EC0-301F-11D3-BF4B-00C04F79EFBC}") = "Membership", "Membership\Membership.csproj", "{F5F4473E-4009-43E8-84C1-946F954AA9CE}"
EndProject
Global
	GlobalSection(SolutionConfigurationPlatforms) = preSolution
		Debug|Any CPU = Debug|Any CPU
		Release|Any CPU = Release|Any CPU
	EndGlobalSection
	GlobalSection(ProjectConfigurationPlatforms) = postSolution
		{47AC23CE-5D28-466C-8DC6-8FF8FB6E3560}.Debug|Any CPU.ActiveCfg = Debug|Any CPU
		{47AC23CE-5D28-466C-8DC6-8FF8FB6E3560}.Debug|Any CPU.Build.0 = Debug|Any CPU
		{47AC23CE-5D28-466C-8DC6-8FF8FB6E3560}.Release|Any CPU.ActiveCfg = Release|Any CPU
		{47AC23CE-5D28-466C-8DC6-8FF8FB6E3560}.Release|Any CPU.Build.0 = Release|Any CPU
		{35DCED6A-93F9-4C88-9161-996F242ACF78}.Debug|Any CPU.ActiveCfg = Debug|Any CPU
		{35DCED6A-93F9-4C88-9161-996F242ACF78}.Debug|Any CPU.Build.0 = Debug|Any CPU
		{35DCED6A-93F9-4C88-9161-996F242ACF78}.Release|Any CPU.ActiveCfg = Release|Any CPU
		{35DCED6A-93F9-4C88-9161-996F242ACF78}.Release|Any CPU.Build.0 = Release|Any CPU
		{74191448-1C86-441D-90C0-873C2CE4B20B}.Debug|Any CPU.ActiveCfg = Debug|Any CPU
		{74191448-1C86-441D-90C0-873C2CE4B20B}.Debug|Any CPU.Build.0 = Debug|Any CPU
		{74191448-1C86-441D-90C0-873C2CE4B20B}.Release|Any CPU.ActiveCfg = Release|Any CPU
		{74191448-1C86-441D-90C0-873C2CE4B20B}.Release|Any CPU.Build.0 = Release|Any CPU
		{1DC7A091-8DF9-45E8-9B7A-6D8828E2F6A5}.Debug|Any CPU.ActiveCfg = Debug|Any CPU
		{1DC7A091-8DF9-45E8-9B7A-6D8828E2F6A5}.Debug|Any CPU.Build.0 = Debug|Any CPU
		{1DC7A091-8DF9-45E8-9B7A-6D8828E2F6A5}.Release|Any CPU.ActiveCfg = Release|Any CPU
		{1DC7A091-8DF9-45E8-9B7A-6D8828E2F6A5}.Release|Any CPU.Build.0 = Release|Any CPU
		{610F9E3E-B07D-4904-AA3E-F01373966802}.Debug|Any CPU.ActiveCfg = Debug|Any CPU
		{610F9E3E-B07D-4904-AA3E-F01373966802}.Debug|Any CPU.Build.0 = Debug|Any CPU
		{610F9E3E-B07D-4904-AA3E-F01373966802}.Release|Any CPU.ActiveCfg = Release|Any CPU
		{610F9E3E-B07D-4904-AA3E-F01373966802}.Release|Any CPU.Build.0 = Release|Any CPU
		{041D7F25-9CC1-4BCF-8924-EDFE72DC40E8}.Debug|Any CPU.ActiveCfg = Debug|Any CPU
		{041D7F25-9CC1-4BCF-8924-EDFE72DC40E8}.Debug|Any CPU.Build.0 = Debug|Any CPU
		{041D7F25-9CC1-4BCF-8924-EDFE72DC40E8}.Release|Any CPU.ActiveCfg = Release|Any CPU
		{041D7F25-9CC1-4BCF-8924-EDFE72DC40E8}.Release|Any CPU.Build.0 = Release|Any CPU
		{EF94EECB-24E8-4CB4-99AC-D0A408A916DE}.Debug|Any CPU.ActiveCfg = Debug|Any CPU
		{EF94EECB-24E8-4CB4-99AC-D0A408A916DE}.Debug|Any CPU.Build.0 = Debug|Any CPU
		{EF94EECB-24E8-4CB4-99AC-D0A408A916DE}.Release|Any CPU.ActiveCfg = Release|Any CPU
		{EF94EECB-24E8-4CB4-99AC-D0A408A916DE}.Release|Any CPU.Build.0 = Release|Any CPU
		{F828F2DD-9FC8-4310-9C1A-5501B97A1618}.Debug|Any CPU.ActiveCfg = Debug|Any CPU
		{F828F2DD-9FC8-4310-9C1A-5501B97A1618}.Debug|Any CPU.Build.0 = Debug|Any CPU
		{F828F2DD-9FC8-4310-9C1A-5501B97A1618}.Release|Any CPU.ActiveCfg = Release|Any CPU
		{F828F2DD-9FC8-4310-9C1A-5501B97A1618}.Release|Any CPU.Build.0 = Release|Any CPU
		{061E570B-6BC6-438A-9F55-550BDFEC13D9}.Debug|Any CPU.ActiveCfg = Debug|Any CPU
		{061E570B-6BC6-438A-9F55-550BDFEC13D9}.Debug|Any CPU.Build.0 = Debug|Any CPU
		{061E570B-6BC6-438A-9F55-550BDFEC13D9}.Release|Any CPU.ActiveCfg = Release|Any CPU
		{061E570B-6BC6-438A-9F55-550BDFEC13D9}.Release|Any CPU.Build.0 = Release|Any CPU
		{F5F4473E-4009-43E8-84C1-946F954AA9CE}.Debug|Any CPU.ActiveCfg = Debug|Any CPU
		{F5F4473E-4009-43E8-84C1-946F954AA9CE}.Debug|Any CPU.Build.0 = Debug|Any CPU
		{F5F4473E-4009-43E8-84C1-946F954AA9CE}.Release|Any CPU.ActiveCfg = Release|Any CPU
		{F5F4473E-4009-43E8-84C1-946F954AA9CE}.Release|Any CPU.Build.0 = Release|Any CPU
	EndGlobalSection
	GlobalSection(SolutionProperties) = preSolution
		HideSolutionNode = FALSE
	EndGlobalSection
	GlobalSection(ExtensibilityGlobals) = postSolution
		SolutionGuid = {5896376F-302E-494A-BB0C-83BF607A1A9D}
	EndGlobalSection
EndGlobal
